
Microsoft Visual Studio Solution File, Format Version 12.00
# Visual Studio Version 17
VisualStudioVersion = 17.5.33530.505
MinimumVisualStudioVersion = 10.0.40219.1
Project("{FAE04EC0-301F-11D3-BF4B-00C04F79EFBC}") = "QUAN_LY_NHAN_SU", "QUAN_LY_NHAN_SU\QUAN_LY_NHAN_SU.csproj", "{90ECA17D-6254-43BA-9EDB-0D72766FC80E}"
EndProject
Global
	GlobalSection(SolutionConfigurationPlatforms) = preSolution
		Debug|Any CPU = Debug|Any CPU
		Release|Any CPU = Release|Any CPU
	EndGlobalSection
	GlobalSection(ProjectConfigurationPlatforms) = postSolution
		{90ECA17D-6254-43BA-9EDB-0D72766FC80E}.Debug|Any CPU.ActiveCfg = Debug|Any CPU
		{90ECA17D-6254-43BA-9EDB-0D72766FC80E}.Debug|Any CPU.Build.0 = Debug|Any CPU
		{90ECA17D-6254-43BA-9EDB-0D72766FC80E}.Release|Any CPU.ActiveCfg = Release|Any CPU
		{90ECA17D-6254-43BA-9EDB-0D72766FC80E}.Release|Any CPU.Build.0 = Release|Any CPU
	EndGlobalSection
	GlobalSection(SolutionProperties) = preSolution
		HideSolutionNode = FALSE
	EndGlobalSection
	GlobalSection(ExtensibilityGlobals) = postSolution
		SolutionGuid = {8CDFF5D6-7C45-46ED-927F-228E38954E53}
	EndGlobalSection
EndGlobal
